# The baobab-platform/shared contracts this engine is built against. The files
# under src/main/resources/contracts are byte-for-byte copies of this commit;
# PinnedContractsTest fails on any drift (CI checks Shared out at this commit).
schema: baobab-contract-consumer-lock
version: "1.0"
source:
  repository: baobab-platform/shared
  commit: ac2f0c24d22f6fab84c442c2c374ac209d4d1eae
contracts:
  - contracts/admission/v1/application.schema.json
  - contracts/admission/v1/decision.schema.json
  - contracts/capability/v1/domain.schema.json
  - contracts/control-plane/v1/domain.schema.json
  - contracts/errors/v1/problem-details.schema.json
  - contracts/events/v1/envelope.schema.json
  - contracts/organisation/v1/admission.schema.json
  - contracts/organisation/v1/domain.schema.json
  - contracts/organisation/v1/platform.schema.json
  - contracts/organisation/v1/relationship.schema.json
  - contracts/product/v1/billing-policy.yaml
  - contracts/product/v1/domain.schema.json
  - contracts/product/v1/subscription.schema.json
  - contracts/subscriptions/v1/billing.schema.json
  - contracts/subscriptions/v1/capabilities.json
  - contracts/subscriptions/v1/domain.schema.json
  - contracts/subscriptions/v1/events.schema.json
policy:
  updates: explicit_pull_request
  compatibility: validate_before_merge
